// !$*UTF8*$!
{
	archiveVersion = 1;
	classes = {
	};
	objectVersion = 46;
	objects = {

/* Begin PBXBuildFile section */
		60C4E34CCD381CF17A66C182 /* libPods.a in Frameworks */ = {isa = PBXBuildFile; fileRef = 40DB52942D5CF78AB3656083 /* libPods.a */; };
		AFD104551C2445B40037990B /* TestPopSpringAnimationViewController.m in Sources */ = {isa = PBXBuildFile; fileRef = AFD104521C2445B40037990B /* TestPopSpringAnimationViewController.m */; };
		AFD104561C2445B40037990B /* TestPopSpringSIzeToMaxVC.m in Sources */ = {isa = PBXBuildFile; fileRef = AFD104541C2445B40037990B /* TestPopSpringSIzeToMaxVC.m */; };
		AFF003241C22DB0400799004 /* main.m in Sources */ = {isa = PBXBuildFile; fileRef = AFF003231C22DB0400799004 /* main.m */; };
		AFF003271C22DB0400799004 /* AppDelegate.m in Sources */ = {isa = PBXBuildFile; fileRef = AFF003261C22DB0400799004 /* AppDelegate.m */; };
		AFF0032A1C22DB0400799004 /* ViewController.m in Sources */ = {isa = PBXBuildFile; fileRef = AFF003291C22DB0400799004 /* ViewController.m */; };
		AFF0032D1C22DB0400799004 /* Main.storyboard in Resources */ = {isa = PBXBuildFile; fileRef = AFF0032B1C22DB0400799004 /* Main.storyboard */; };
		AFF0032F1C22DB0500799004 /* Assets.xcassets in Resources */ = {isa = PBXBuildFile; fileRef = AFF0032E1C22DB0500799004 /* Assets.xcassets */; };
		AFF003321C22DB0500799004 /* LaunchScreen.storyboard in Resources */ = {isa = PBXBuildFile; fileRef = AFF003301C22DB0500799004 /* LaunchScreen.storyboard */; };
		AFF0033D1C22DB0500799004 /* PopTestAppTests.m in Sources */ = {isa = PBXBuildFile; fileRef = AFF0033C1C22DB0500799004 /* PopTestAppTests.m */; };
		AFF003481C22DB0500799004 /* PopTestAppUITests.m in Sources */ = {isa = PBXBuildFile; fileRef = AFF003471C22DB0500799004 /* PopTestAppUITests.m */; };
/* End PBXBuildFile section */

/* Begin PBXContainerItemProxy section */
		AFF003391C22DB0500799004 /* PBXContainerItemProxy */ = {
			isa = PBXContainerItemProxy;
			containerPortal = AFF003171C22DB0400799004 /* Project object */;
			proxyType = 1;
			remoteGlobalIDString = AFF0031E1C22DB0400799004;
			remoteInfo = PopTestApp;
		};
		AFF003441C22DB0500799004 /* PBXContainerItemProxy */ = {
			isa = PBXContainerItemProxy;
			containerPortal = AFF003171C22DB0400799004 /* Project object */;
			proxyType = 1;
			remoteGlobalIDString = AFF0031E1C22DB0400799004;
			remoteInfo = PopTestApp;
		};
/* End PBXContainerItemProxy section */

/* Begin PBXFileReference section */
		40DB52942D5CF78AB3656083 /* libPods.a */ = {isa = PBXFileReference; explicitFileType = archive.ar; includeInIndex = 0; path = libPods.a; sourceTree = BUILT_PRODUCTS_DIR; };
		849140B3FF127599824AA9E0 /* Pods.release.xcconfig */ = {isa = PBXFileReference; includeInIndex = 1; lastKnownFileType = text.xcconfig; name = Pods.release.xcconfig; path = "Pods/Target Support Files/Pods/Pods.release.xcconfig"; sourceTree = "<group>"; };
		AFD104511C2445B40037990B /* TestPopSpringAnimationViewController.h */ = {isa = PBXFileReference; fileEncoding = 4; lastKnownFileType = sourcecode.c.h; path = TestPopSpringAnimationViewController.h; sourceTree = "<group>"; };
		AFD104521C2445B40037990B /* TestPopSpringAnimationViewController.m */ = {isa = PBXFileReference; fileEncoding = 4; lastKnownFileType = sourcecode.c.objc; path = TestPopSpringAnimationViewController.m; sourceTree = "<group>"; };
		AFD104531C2445B40037990B /* TestPopSpringSIzeToMaxVC.h */ = {isa = PBXFileReference; fileEncoding = 4; lastKnownFileType = sourcecode.c.h; path = TestPopSpringSIzeToMaxVC.h; sourceTree = "<group>"; };
		AFD104541C2445B40037990B /* TestPopSpringSIzeToMaxVC.m */ = {isa = PBXFileReference; fileEncoding = 4; lastKnownFileType = sourcecode.c.objc; path = TestPopSpringSIzeToMaxVC.m; sourceTree = "<group>"; };
		AFF0031F1C22DB0400799004 /* PopTestApp.app */ = {isa = PBXFileReference; explicitFileType = wrapper.application; includeInIndex = 0; path = PopTestApp.app; sourceTree = BUILT_PRODUCTS_DIR; };
		AFF003231C22DB0400799004 /* main.m */ = {isa = PBXFileReference; lastKnownFileType = sourcecode.c.objc; path = main.m; sourceTree = "<group>"; };
		AFF003251C22DB0400799004 /* AppDelegate.h */ = {isa = PBXFileReference; lastKnownFileType = sourcecode.c.h; path = AppDelegate.h; sourceTree = "<group>"; };
		AFF003261C22DB0400799004 /* AppDelegate.m */ = {isa = PBXFileReference; lastKnownFileType = sourcecode.c.objc; path = AppDelegate.m; sourceTree = "<group>"; };
		AFF003281C22DB0400799004 /* ViewController.h */ = {isa = PBXFileReference; lastKnownFileType = sourcecode.c.h; path = ViewController.h; sourceTree = "<group>"; };
		AFF003291C22DB0400799004 /* ViewController.m */ = {isa = PBXFileReference; lastKnownFileType = sourcecode.c.objc; path = ViewController.m; sourceTree = "<group>"; };
		AFF0032C1C22DB0400799004 /* Base */ = {isa = PBXFileReference; lastKnownFileType = file.storyboard; name = Base; path = Base.lproj/Main.storyboard; sourceTree = "<group>"; };
		AFF0032E1C22DB0500799004 /* Assets.xcassets */ = {isa = PBXFileReference; lastKnownFileType = folder.assetcatalog; path = Assets.xcassets; sourceTree = "<group>"; };
		AFF003311C22DB0500799004 /* Base */ = {isa = PBXFileReference; lastKnownFileType = file.storyboard; name = Base; path = Base.lproj/LaunchScreen.storyboard; sourceTree = "<group>"; };
		AFF003331C22DB0500799004 /* Info.plist */ = {isa = PBXFileReference; lastKnownFileType = text.plist.xml; path = Info.plist; sourceTree = "<group>"; };
		AFF003381C22DB0500799004 /* PopTestAppTests.xctest */ = {isa = PBXFileReference; explicitFileType = wrapper.cfbundle; includeInIndex = 0; path = PopTestAppTests.xctest; sourceTree = BUILT_PRODUCTS_DIR; };
		AFF0033C1C22DB0500799004 /* PopTestAppTests.m */ = {isa = PBXFileReference; lastKnownFileType = sourcecode.c.objc; path = PopTestAppTests.m; sourceTree = "<group>"; };
		AFF0033E1C22DB0500799004 /* Info.plist */ = {isa = PBXFileReference; lastKnownFileType = text.plist.xml; path = Info.plist; sourceTree = "<group>"; };
		AFF003431C22DB0500799004 /* PopTestAppUITests.xctest */ = {isa = PBXFileReference; explicitFileType = wrapper.cfbundle; includeInIndex = 0; path = PopTestAppUITests.xctest; sourceTree = BUILT_PRODUCTS_DIR; };
		AFF003471C22DB0500799004 /* PopTestAppUITests.m */ = {isa = PBXFileReference; lastKnownFileType = sourcecode.c.objc; path = PopTestAppUITests.m; sourceTree = "<group>"; };
		AFF003491C22DB0500799004 /* Info.plist */ = {isa = PBXFileReference; lastKnownFileType = text.plist.xml; path = Info.plist; sourceTree = "<group>"; };
		E85DE092C2CA7770720DB78F /* Pods.debug.xcconfig */ = {isa = PBXFileReference; includeInIndex = 1; lastKnownFileType = text.xcconfig; name = Pods.debug.xcconfig; path = "Pods/Target Support Files/Pods/Pods.debug.xcconfig"; sourceTree = "<group>"; };
/* End PBXFileReference section */

/* Begin PBXFrameworksBuildPhase section */
		AFF0031C1C22DB0400799004 /* Frameworks */ = {
			isa = PBXFrameworksBuildPhase;
			buildActionMask = 2147483647;
			files = (
				60C4E34CCD381CF17A66C182 /* libPods.a in Frameworks */,
			);
			runOnlyForDeploymentPostprocessing = 0;
		};
		AFF003351C22DB0500799004 /* Frameworks */ = {
			isa = PBXFrameworksBuildPhase;
			buildActionMask = 2147483647;
			files = (
			);
			runOnlyForDeploymentPostprocessing = 0;
		};
		AFF003401C22DB0500799004 /* Frameworks */ = {
			isa = PBXFrameworksBuildPhase;
			buildActionMask = 2147483647;
			files = (
			);
			runOnlyForDeploymentPostprocessing = 0;
		};
/* End PBXFrameworksBuildPhase section */

/* Begin PBXGroup section */
		0B9E9E97069934B535474922 /* Frameworks */ = {
			isa = PBXGroup;
			children = (
				40DB52942D5CF78AB3656083 /* libPods.a */,
			);
			name = Frameworks;
			sourceTree = "<group>";
		};
		65122B44B0820FFF294EFA22 /* Pods */ = {
			isa = PBXGroup;
			children = (
				E85DE092C2CA7770720DB78F /* Pods.debug.xcconfig */,
				849140B3FF127599824AA9E0 /* Pods.release.xcconfig */,
			);
			name = Pods;
			sourceTree = "<group>";
		};
		AFD104501C2445B40037990B /* TestPopSpringAnimation */ = {
			isa = PBXGroup;
			children = (
				AFD104511C2445B40037990B /* TestPopSpringAnimationViewController.h */,
				AFD104521C2445B40037990B /* TestPopSpringAnimationViewController.m */,
				AFD104531C2445B40037990B /* TestPopSpringSIzeToMaxVC.h */,
				AFD104541C2445B40037990B /* TestPopSpringSIzeToMaxVC.m */,
			);
			path = TestPopSpringAnimation;
			sourceTree = "<group>";
		};
		AFF003161C22DB0400799004 = {
			isa = PBXGroup;
			children = (
				AFF003211C22DB0400799004 /* PopTestApp */,
				AFF0033B1C22DB0500799004 /* PopTestAppTests */,
				AFF003461C22DB0500799004 /* PopTestAppUITests */,
				AFF003201C22DB0400799004 /* Products */,
				65122B44B0820FFF294EFA22 /* Pods */,
				0B9E9E97069934B535474922 /* Frameworks */,
			);
			sourceTree = "<group>";
		};
		AFF003201C22DB0400799004 /* Products */ = {
			isa = PBXGroup;
			children = (
				AFF0031F1C22DB0400799004 /* PopTestApp.app */,
				AFF003381C22DB0500799004 /* PopTestAppTests.xctest */,
				AFF003431C22DB0500799004 /* PopTestAppUITests.xctest */,
			);
			name = Products;
			sourceTree = "<group>";
		};
		AFF003211C22DB0400799004 /* PopTestApp */ = {
			isa = PBXGroup;
			children = (
				AFD104501C2445B40037990B /* TestPopSpringAnimation */,
				AFF003251C22DB0400799004 /* AppDelegate.h */,
				AFF003261C22DB0400799004 /* AppDelegate.m */,
				AFF003281C22DB0400799004 /* ViewController.h */,
				AFF003291C22DB0400799004 /* ViewController.m */,
				AFF0032B1C22DB0400799004 /* Main.storyboard */,
				AFF0032E1C22DB0500799004 /* Assets.xcassets */,
				AFF003301C22DB0500799004 /* LaunchScreen.storyboard */,
				AFF003331C22DB0500799004 /* Info.plist */,
				AFF003221C22DB0400799004 /* Supporting Files */,
			);
			path = PopTestApp;
			sourceTree = "<group>";
		};
		AFF003221C22DB0400799004 /* Supporting Files */ = {
			isa = PBXGroup;
			children = (
				AFF003231C22DB0400799004 /* main.m */,
			);
			name = "Supporting Files";
			sourceTree = "<group>";
		};
		AFF0033B1C22DB0500799004 /* PopTestAppTests */ = {
			isa = PBXGroup;
			children = (
				AFF0033C1C22DB0500799004 /* PopTestAppTests.m */,
				AFF0033E1C22DB0500799004 /* Info.plist */,
			);
			path = PopTestAppTests;
			sourceTree = "<group>";
		};
		AFF003461C22DB0500799004 /* PopTestAppUITests */ = {
			isa = PBXGroup;
			children = (
				AFF003471C22DB0500799004 /* PopTestAppUITests.m */,
				AFF003491C22DB0500799004 /* Info.plist */,
			);
			path = PopTestAppUITests;
			sourceTree = "<group>";
		};
/* End PBXGroup section */

/* Begin PBXNativeTarget section */
		AFF0031E1C22DB0400799004 /* PopTestApp */ = {
			isa = PBXNativeTarget;
			buildConfigurationList = AFF0034C1C22DB0500799004 /* Build configuration list for PBXNativeTarget "PopTestApp" */;
			buildPhases = (
				1C4D768CC957DD520DCA8F13 /* Check Pods Manifest.lock */,
				AFF0031B1C22DB0400799004 /* Sources */,
				AFF0031C1C22DB0400799004 /* Frameworks */,
				AFF0031D1C22DB0400799004 /* Resources */,
				E56B75244C48E8B942275865 /* Copy Pods Resources */,
			);
			buildRules = (
			);
			dependencies = (
			);
			name = PopTestApp;
			productName = PopTestApp;
			productReference = AFF0031F1C22DB0400799004 /* PopTestApp.app */;
			productType = "com.apple.product-type.application";
		};
		AFF003371C22DB0500799004 /* PopTestAppTests */ = {
			isa = PBXNativeTarget;
			buildConfigurationList = AFF0034F1C22DB0500799004 /* Build configuration list for PBXNativeTarget "PopTestAppTests" */;
			buildPhases = (
				AFF003341C22DB0500799004 /* Sources */,
				AFF003351C22DB0500799004 /* Frameworks */,
				AFF003361C22DB0500799004 /* Resources */,
			);
			buildRules = (
			);
			dependencies = (
				AFF0033A1C22DB0500799004 /* PBXTargetDependency */,
			);
			name = PopTestAppTests;
			productName = PopTestAppTests;
			productReference = AFF003381C22DB0500799004 /* PopTestAppTests.xctest */;
			productType = "com.apple.product-type.bundle.unit-test";
		};
		AFF003421C22DB0500799004 /* PopTestAppUITests */ = {
			isa = PBXNativeTarget;
			buildConfigurationList = AFF003521C22DB0500799004 /* Build configuration list for PBXNativeTarget "PopTestAppUITests" */;
			buildPhases = (
				AFF0033F1C22DB0500799004 /* Sources */,
				AFF003401C22DB0500799004 /* Frameworks */,
				AFF003411C22DB0500799004 /* Resources */,
			);
			buildRules = (
			);
			dependencies = (
				AFF003451C22DB0500799004 /* PBXTargetDependency */,
			);
			name = PopTestAppUITests;
			productName = PopTestAppUITests;
			productReference = AFF003431C22DB0500799004 /* PopTestAppUITests.xctest */;
			productType = "com.apple.product-type.bundle.ui-testing";
		};
/* End PBXNativeTarget section */

/* Begin PBXProject section */
		AFF003171C22DB0400799004 /* Project object */ = {
			isa = PBXProject;
			attributes = {
				LastUpgradeCheck = 0720;
				ORGANIZATIONNAME = j006;
				TargetAttributes = {
					AFF0031E1C22DB0400799004 = {
						CreatedOnToolsVersion = 7.2;
					};
					AFF003371C22DB0500799004 = {
						CreatedOnToolsVersion = 7.2;
						TestTargetID = AFF0031E1C22DB0400799004;
					};
					AFF003421C22DB0500799004 = {
						CreatedOnToolsVersion = 7.2;
						TestTargetID = AFF0031E1C22DB0400799004;
					};
				};
			};
			buildConfigurationList = AFF0031A1C22DB0400799004 /* Build configuration list for PBXProject "PopTestApp" */;
			compatibilityVersion = "Xcode 3.2";
			developmentRegion = English;
			hasScannedForEncodings = 0;
			knownRegions = (
				en,
				Base,
			);
			mainGroup = AFF003161C22DB0400799004;
			productRefGroup = AFF003201C22DB0400799004 /* Products */;
			projectDirPath = "";
			projectRoot = "";
			targets = (
				AFF0031E1C22DB0400799004 /* PopTestApp */,
				AFF003371C22DB0500799004 /* PopTestAppTests */,
				AFF003421C22DB0500799004 /* PopTestAppUITests */,
			);
		};
/* End PBXProject section */

/* Begin PBXResourcesBuildPhase section */
		AFF0031D1C22DB0400799004 /* Resources */ = {
			isa = PBXResourcesBuildPhase;
			buildActionMask = 2147483647;
			files = (
				AFF003321C22DB0500799004 /* LaunchScreen.storyboard in Resources */,
				AFF0032F1C22DB0500799004 /* Assets.xcassets in Resources */,
				AFF0032D1C22DB0400799004 /* Main.storyboard in Resources */,
			);
			runOnlyForDeploymentPostprocessing = 0;
		};
		AFF003361C22DB0500799004 /* Resources */ = {
			isa = PBXResourcesBuildPhase;
			buildActionMask = 2147483647;
			files = (
			);
			runOnlyForDeploymentPostprocessing = 0;
		};
		AFF003411C22DB0500799004 /* Resources */ = {
			isa = PBXResourcesBuildPhase;
			buildActionMask = 2147483647;
			files = (
			);
			runOnlyForDeploymentPostprocessing = 0;
		};
/* End PBXResourcesBuildPhase section */

/* Begin PBXShellScriptBuildPhase section */
		1C4D768CC957DD520DCA8F13 /* Check Pods Manifest.lock */ = {
			isa = PBXShellScriptBuildPhase;
			buildActionMask = 2147483647;
			files = (
			);
			inputPaths = (
			);
			name = "Check Pods Manifest.lock";
			outputPaths = (
			);
			runOnlyForDeploymentPostprocessing = 0;
			shellPath = /bin/sh;
			shellScript = "diff \"${PODS_ROOT}/../Podfile.lock\" \"${PODS_ROOT}/Manifest.lock\" > /dev/null\nif [[ $? != 0 ]] ; then\n    cat << EOM\nerror: The sandbox is not in sync with the Podfile.lock. Run 'pod install' or update your CocoaPods installation.\nEOM\n    exit 1\nfi\n";
			showEnvVarsInLog = 0;
		};
		E56B75244C48E8B942275865 /* Copy Pods Resources */ = {
			isa = PBXShellScriptBuildPhase;
			buildActionMask = 2147483647;
			files = (
			);
			inputPaths = (
			);
			name = "Copy Pods Resources";
			outputPaths = (
			);
			runOnlyForDeploymentPostprocessing = 0;
			shellPath = /bin/sh;
			shellScript = "\"${SRCROOT}/Pods/Target Support Files/Pods/Pods-resources.sh\"\n";
			showEnvVarsInLog = 0;
		};
/* End PBXShellScriptBuildPhase section */

/* Begin PBXSourcesBuildPhase section */
		AFF0031B1C22DB0400799004 /* Sources */ = {
			isa = PBXSourcesBuildPhase;
			buildActionMask = 2147483647;
			files = (
				AFF0032A1C22DB0400799004 /* ViewController.m in Sources */,
				AFF003271C22DB0400799004 /* AppDelegate.m in Sources */,
				AFD104551C2445B40037990B /* TestPopSpringAnimationViewController.m in Sources */,
				AFD104561C2445B40037990B /* TestPopSpringSIzeToMaxVC.m in Sources */,
				AFF003241C22DB0400799004 /* main.m in Sources */,
			);
			runOnlyForDeploymentPostprocessing = 0;
		};
		AFF003341C22DB0500799004 /* Sources */ = {
			isa = PBXSourcesBuildPhase;
			buildActionMask = 2147483647;
			files = (
				AFF0033D1C22DB0500799004 /* PopTestAppTests.m in Sources */,
			);
			runOnlyForDeploymentPostprocessing = 0;
		};
		AFF0033F1C22DB0500799004 /* Sources */ = {
			isa = PBXSourcesBuildPhase;
			buildActionMask = 2147483647;
			files = (
				AFF003481C22DB0500799004 /* PopTestAppUITests.m in Sources */,
			);
			runOnlyForDeploymentPostprocessing = 0;
		};
/* End PBXSourcesBuildPhase section */

/* Begin PBXTargetDependency section */
		AFF0033A1C22DB0500799004 /* PBXTargetDependency */ = {
			isa = PBXTargetDependency;
			target = AFF0031E1C22DB0400799004 /* PopTestApp */;
			targetProxy = AFF003391C22DB0500799004 /* PBXContainerItemProxy */;
		};
		AFF003451C22DB0500799004 /* PBXTargetDependency */ = {
			isa = PBXTargetDependency;
			target = AFF0031E1C22DB0400799004 /* PopTestApp */;
			targetProxy = AFF003441C22DB0500799004 /* PBXContainerItemProxy */;
		};
/* End PBXTargetDependency section */

/* Begin PBXVariantGroup section */
		AFF0032B1C22DB0400799004 /* Main.storyboard */ = {
			isa = PBXVariantGroup;
			children = (
				AFF0032C1C22DB0400799004 /* Base */,
			);
			name = Main.storyboard;
			sourceTree = "<group>";
		};
		AFF003301C22DB0500799004 /* LaunchScreen.storyboard */ = {
			isa = PBXVariantGroup;
			children = (
				AFF003311C22DB0500799004 /* Base */,
			);
			name = LaunchScreen.storyboard;
			sourceTree = "<group>";
		};
/* End PBXVariantGroup section */

/* Begin XCBuildConfiguration section */
		AFF0034A1C22DB0500799004 /* Debug */ = {
			isa = XCBuildConfiguration;
			buildSettings = {
				ALWAYS_SEARCH_USER_PATHS = NO;
				CLANG_CXX_LANGUAGE_STANDARD = "gnu++0x";
				CLANG_CXX_LIBRARY = "libc++";
				CLANG_ENABLE_MODULES = YES;
				CLANG_ENABLE_OBJC_ARC = YES;
				CLANG_WARN_BOOL_CONVERSION = YES;
				CLANG_WARN_CONSTANT_CONVERSION = YES;
				CLANG_WARN_DIRECT_OBJC_ISA_USAGE = YES_ERROR;
				CLANG_WARN_EMPTY_BODY = YES;
				CLANG_WARN_ENUM_CONVERSION = YES;
				CLANG_WARN_INT_CONVERSION = YES;
				CLANG_WARN_OBJC_ROOT_CLASS = YES_ERROR;
				CLANG_WARN_UNREACHABLE_CODE = YES;
				CLANG_WARN__DUPLICATE_METHOD_MATCH = YES;
				"CODE_SIGN_IDENTITY[sdk=iphoneos*]" = "iPhone Developer";
				COPY_PHASE_STRIP = NO;
				DEBUG_INFORMATION_FORMAT = dwarf;
				ENABLE_STRICT_OBJC_MSGSEND = YES;
				ENABLE_TESTABILITY = YES;
				GCC_C_LANGUAGE_STANDARD = gnu99;
				GCC_DYNAMIC_NO_PIC = NO;
				GCC_NO_COMMON_BLOCKS = YES;
				GCC_OPTIMIZATION_LEVEL = 0;
				GCC_PREPROCESSOR_DEFINITIONS = (
					"DEBUG=1",
					"$(inherited)",
				);
				GCC_WARN_64_TO_32_BIT_CONVERSION = YES;
				GCC_WARN_ABOUT_RETURN_TYPE = YES_ERROR;
				GCC_WARN_UNDECLARED_SELECTOR = YES;
				GCC_WARN_UNINITIALIZED_AUTOS = YES_AGGRESSIVE;
				GCC_WARN_UNUSED_FUNCTION = YES;
				GCC_WARN_UNUSED_VARIABLE = YES;
				IPHONEOS_DEPLOYMENT_TARGET = 9.2;
				MTL_ENABLE_DEBUG_INFO = YES;
				ONLY_ACTIVE_ARCH = YES;
				SDKROOT = iphoneos;
			};
			name = Debug;
		};
		AFF0034B1C22DB0500799004 /* Release */ = {
			isa = XCBuildConfiguration;
			buildSettings = {
				ALWAYS_SEARCH_USER_PATHS = NO;
				CLANG_CXX_LANGUAGE_STANDARD = "gnu++0x";
				CLANG_CXX_LIBRARY = "libc++";
				CLANG_ENABLE_MODULES = YES;
				CLANG_ENABLE_OBJC_ARC = YES;
				CLANG_WARN_BOOL_CONVERSION = YES;
				CLANG_WARN_CONSTANT_CONVERSION = YES;
				CLANG_WARN_DIRECT_OBJC_ISA_USAGE = YES_ERROR;
				CLANG_WARN_EMPTY_BODY = YES;
				CLANG_WARN_ENUM_CONVERSION = YES;
				CLANG_WARN_INT_CONVERSION = YES;
				CLANG_WARN_OBJC_ROOT_CLASS = YES_ERROR;
				CLANG_WARN_UNREACHABLE_CODE = YES;
				CLANG_WARN__DUPLICATE_METHOD_MATCH = YES;
				"CODE_SIGN_IDENTITY[sdk=iphoneos*]" = "iPhone Developer";
				COPY_PHASE_STRIP = NO;
				DEBUG_INFORMATION_FORMAT = "dwarf-with-dsym";
				ENABLE_NS_ASSERTIONS = NO;
				ENABLE_STRICT_OBJC_MSGSEND = YES;
				GCC_C_LANGUAGE_STANDARD = gnu99;
				GCC_NO_COMMON_BLOCKS = YES;
				GCC_WARN_64_TO_32_BIT_CONVERSION = YES;
				GCC_WARN_ABOUT_RETURN_TYPE = YES_ERROR;
				GCC_WARN_UNDECLARED_SELECTOR = YES;
				GCC_WARN_UNINITIALIZED_AUTOS = YES_AGGRESSIVE;
				GCC_WARN_UNUSED_FUNCTION = YES;
				GCC_WARN_UNUSED_VARIABLE = YES;
				IPHONEOS_DEPLOYMENT_TARGET = 9.2;
				MTL_ENABLE_DEBUG_INFO = NO;
				SDKROOT = iphoneos;
				VALIDATE_PRODUCT = YES;
			};
			name = Release;
		};
		AFF0034D1C22DB0500799004 /* Debug */ = {
			isa = XCBuildConfiguration;
			baseConfigurationReference = E85DE092C2CA7770720DB78F /* Pods.debug.xcconfig */;
			buildSettings = {
				ASSETCATALOG_COMPILER_APPICON_NAME = AppIcon;
				INFOPLIST_FILE = PopTestApp/Info.plist;
				LD_RUNPATH_SEARCH_PATHS = "$(inherited) @executable_path/Frameworks";
				PRODUCT_BUNDLE_IDENTIFIER = j006.PopTestApp;
				PRODUCT_NAME = "$(TARGET_NAME)";
			};
			name = Debug;
		};
		AFF0034E1C22DB0500799004 /* Release */ = {
			isa = XCBuildConfiguration;
			baseConfigurationReference = 849140B3FF127599824AA9E0 /* Pods.release.xcconfig */;
			buildSettings = {
				ASSETCATALOG_COMPILER_APPICON_NAME = AppIcon;
				INFOPLIST_FILE = PopTestApp/Info.plist;
				LD_RUNPATH_SEARCH_PATHS = "$(inherited) @executable_path/Frameworks";
				PRODUCT_BUNDLE_IDENTIFIER = j006.PopTestApp;
				PRODUCT_NAME = "$(TARGET_NAME)";
			};
			name = Release;
		};
		AFF003501C22DB0500799004 /* Debug */ = {
			isa = XCBuildConfiguration;
			buildSettings = {
				BUNDLE_LOADER = "$(TEST_HOST)";
				INFOPLIST_FILE = PopTestAppTests/Info.plist;
				LD_RUNPATH_SEARCH_PATHS = "$(inherited) @executable_path/Frameworks @loader_path/Frameworks";
				PRODUCT_BUNDLE_IDENTIFIER = j006.PopTestAppTests;
				PRODUCT_NAME = "$(TARGET_NAME)";
				TEST_HOST = "$(BUILT_PRODUCTS_DIR)/PopTestApp.app/PopTestApp";
			};
			name = Debug;
		};
		AFF003511C22DB0500799004 /* Release */ = {
			isa = XCBuildConfiguration;
			buildSettings = {
				BUNDLE_LOADER = "$(TEST_HOST)";
				INFOPLIST_FILE = PopTestAppTests/Info.plist;
				LD_RUNPATH_SEARCH_PATHS = "$(inherited) @executable_path/Frameworks @loader_path/Frameworks";
				PRODUCT_BUNDLE_IDENTIFIER = j006.PopTestAppTests;
				PRODUCT_NAME = "$(TARGET_NAME)";
				TEST_HOST = "$(BUILT_PRODUCTS_DIR)/PopTestApp.app/PopTestApp";
			};
			name = Release;
		};
		AFF003531C22DB0500799004 /* Debug */ = {
			isa = XCBuildConfiguration;
			buildSettings = {
				INFOPLIST_FILE = PopTestAppUITests/Info.plist;
				LD_RUNPATH_SEARCH_PATHS = "$(inherited) @executable_path/Frameworks @loader_path/Frameworks";
				PRODUCT_BUNDLE_IDENTIFIER = j006.PopTestAppUITests;
				PRODUCT_NAME = "$(TARGET_NAME)";
				TEST_TARGET_NAME = PopTestApp;
				USES_XCTRUNNER = YES;
			};
			name = Debug;
		};
		AFF003541C22DB0500799004 /* Release */ = {
			isa = XCBuildConfiguration;
			buildSettings = {
				INFOPLIST_FILE = PopTestAppUITests/Info.plist;
				LD_RUNPATH_SEARCH_PATHS = "$(inherited) @executable_path/Frameworks @loader_path/Frameworks";
				PRODUCT_BUNDLE_IDENTIFIER = j006.PopTestAppUITests;
				PRODUCT_NAME = "$(TARGET_NAME)";
				TEST_TARGET_NAME = PopTestApp;
				USES_XCTRUNNER = YES;
			};
			name = Release;
		};
/* End XCBuildConfiguration section */

/* Begin XCConfigurationList section */
		AFF0031A1C22DB0400799004 /* Build configuration list for PBXProject "PopTestApp" */ = {
			isa = XCConfigurationList;
			buildConfigurations = (
				AFF0034A1C22DB0500799004 /* Debug */,
				AFF0034B1C22DB0500799004 /* Release */,
			);
			defaultConfigurationIsVisible = 0;
			defaultConfigurationName = Release;
		};
		AFF0034C1C22DB0500799004 /* Build configuration list for PBXNativeTarget "PopTestApp" */ = {
			isa = XCConfigurationList;
			buildConfigurations = (
				AFF0034D1C22DB0500799004 /* Debug */,
				AFF0034E1C22DB0500799004 /* Release */,
			);
			defaultConfigurationIsVisible = 0;
			defaultConfigurationName = Release;
		};
		AFF0034F1C22DB0500799004 /* Build configuration list for PBXNativeTarget "PopTestAppTests" */ = {
			isa = XCConfigurationList;
			buildConfigurations = (
				AFF003501C22DB0500799004 /* Debug */,
				AFF003511C22DB0500799004 /* Release */,
			);
			defaultConfigurationIsVisible = 0;
			defaultConfigurationName = Release;
		};
		AFF003521C22DB0500799004 /* Build configuration list for PBXNativeTarget "PopTestAppUITests" */ = {
			isa = XCConfigurationList;
			buildConfigurations = (
				AFF003531C22DB0500799004 /* Debug */,
				AFF003541C22DB0500799004 /* Release */,
			);
			defaultConfigurationIsVisible = 0;
			defaultConfigurationName = Release;
		};
/* End XCConfigurationList section */
	};
	rootObject = AFF003171C22DB0400799004 /* Project object */;
}
